Microsoft Visual Studio Solution File, Format Version 12.00
# Visual Studio Version 17
VisualStudioVersion = 17.5.2.0
MinimumVisualStudioVersion = 10.0.40219.1
Project("{FAE04EC0-301F-11D3-BF4B-00C04F79EFBC}") = "JokesApi", "JokesApi\JokesApi.csproj", "{F37E19DE-AC99-8AA5-F279-8BFDA29FE736}"
EndProject
Global
	GlobalSection(SolutionConfigurationPlatforms) = preSolution
		Debug|Any CPU = Debug|Any CPU
		Release|Any CPU = Release|Any CPU
	EndGlobalSection
	GlobalSection(ProjectConfigurationPlatforms) = postSolution
		{F37E19DE-AC99-8AA5-F279-8BFDA29FE736}.Debug|Any CPU.ActiveCfg = Debug|Any CPU
		{F37E19DE-AC99-8AA5-F279-8BFDA29FE736}.Debug|Any CPU.Build.0 = Debug|Any CPU
		{F37E19DE-AC99-8AA5-F279-8BFDA29FE736}.Release|Any CPU.ActiveCfg = Release|Any CPU
		{F37E19DE-AC99-8AA5-F279-8BFDA29FE736}.Release|Any CPU.Build.0 = Release|Any CPU
	EndGlobalSection
	GlobalSection(SolutionProperties) = preSolution
		HideSolutionNode = FALSE
	EndGlobalSection
	GlobalSection(ExtensibilityGlobals) = postSolution
		SolutionGuid = {13237E77-D8FC-4202-B56B-671AA43737D5}
	EndGlobalSection
EndGlobal
